{
    "_meta": {
        "hash": {
            "sha256": "cdedfc9af87152ac563626b159eb40bfb7cc1314422b6f50fceeaf332cf16672"
        },
        "pipfile-spec": 6,
        "requires": {
            "python_version": "3.10"
        },
        "sources": [
            {
                "name": "pypi",
                "url": "https://pypi.org/simple",
                "verify_ssl": true
            }
        ]
    },
    "default": {
        "attrs": {
            "hashes": [
                "sha256:29e95c7f6778868dbd49170f98f8818f78f3dc5e0e37c0b1f474e3561b240836",
                "sha256:c9227bfc2f01993c03f68db37d1d15c9690188323c067c641f1a35ca58185f99"
            ],
            "markers": "python_version >= '3.6'",
            "version": "==22.2.0"
        },
        "exceptiongroup": {
            "hashes": [
                "sha256:327cbda3da756e2de031a3107b81ab7b3770a602c4d16ca618298c526f4bec1e",
                "sha256:bcb67d800a4497e1b404c2dd44fca47d3b7a5e5433dbab67f96c1a685cdfdf23"
            ],
            "markers": "python_version < '3.11'",
            "version": "==1.1.0"
        },
        "iniconfig": {
            "hashes": [
                "sha256:011e24c64b7f47f6ebd835bb12a743f2fbe9a26d4cecaa7f53bc4f35ee9da8b3",
                "sha256:bc3af051d7d14b2ee5ef9969666def0cd1a000e121eaea580d4a313df4b37f32"
            ],
            "version": "==1.1.1"
        },
        "maturin": {
            "hashes": [
                "sha256:274913158beff0a7028f235c881eb4521fa38e7547feea957d6e6a5dfe6930cd",
                "sha256:4f5aa10540a1aeffd61552e567f9967572e9070e869d5110e0f3d5f3f7f90b1a",
                "sha256:5ae45fca0618ea29c177aa3c3d3c6a88f6676e2d69c24e82e7a31372cf2a2ee6",
                "sha256:6bb39a7e696d0a916eeadb5c6bce087e1b759fb528e180a894875669d3b86bd4",
                "sha256:6c8fbbe4ddc41ca6a6cbc994e51d920dc907d20e3676b3403485f07945c4067a",
                "sha256:74c547b936c074d4fb555087d0910422f86fdfafe2ec953d3ed308ef7b0d1844",
                "sha256:799d582f25ac2fce6a2aedf28ac34e7872ddafa8f995dfae73d7f9906754269d",
                "sha256:87a8f894e828d64bfba34c507e11da7fb50ade7de46959685d7e4ca3251c443f",
                "sha256:8f4602fa53f606ed39e33f0150e4d2c13ce1d75161bda31f1783c62d49f5df7d",
                "sha256:a33a61d64161bf4ab75b32a6054e4c786779cad1370bd44c6e28e4857029390a",
                "sha256:cc90a505c359e5cb3c7b69582b0cda2a2d67943b34188537b487c9425fd5cf86",
                "sha256:dbdafb191475cfe3c29789deeb5330923dae4e620776e8b84fe7fa2fc5da3047",
                "sha256:ee04493dda88b4eda2334238a1981ecbb517c820807b3f8c3d58832bf58a4e9f"
            ],
            "index": "pypi",
            "version": "==0.14.7"
        },
        "packaging": {
            "hashes": [
                "sha256:2198ec20bd4c017b8f9717e00f0c8714076fc2fd93816750ab48e2c41de2cfd3",
                "sha256:957e2148ba0e1a3b282772e791ef1d8083648bc131c8ab0c1feba110ce1146c3"
            ],
            "markers": "python_version >= '3.7'",
            "version": "==22.0"
        },
        "pluggy": {
            "hashes": [
                "sha256:4224373bacce55f955a878bf9cfa763c1e360858e330072059e10bad68531159",
                "sha256:74134bbf457f031a36d68416e1509f34bd5ccc019f0bcc952c7b909d06b37bd3"
            ],
            "markers": "python_version >= '3.6'",
            "version": "==1.0.0"
        },
        "pytest": {
            "hashes": [
                "sha256:892f933d339f068883b6fd5a459f03d85bfcb355e4981e146d2c7616c21fef71",
                "sha256:c4014eb40e10f11f355ad4e3c2fb2c6c6d1919c73f3b5a433de4708202cade59"
            ],
            "index": "pypi",
            "version": "==7.2.0"
        },
        "tomli": {
            "hashes": [
                "sha256:939de3e7a6161af0c887ef91b7d41a53e7c5a1ca976325f429cb46ea9bc30ecc",
                "sha256:de526c12914f0c550d15924c62d72abc48d6fe7364aa87328337a31007fe8a4f"
            ],
            "markers": "python_version < '3.11'",
            "version": "==2.0.1"
        }
    },
    "develop": {}
}
