{
    "_meta": {
        "hash": {
            "sha256": "57ef2c3ed6a29fdb69ee6bd7b22d6ef7a6e233bc426de2ab253b3f4dc5623573"
        },
        "pipfile-spec": 6,
        "requires": {
            "python_version": "3.10"
        },
        "sources": [
            {
                "name": "pypi",
                "url": "https://pypi.org/simple",
                "verify_ssl": true
            }
        ]
    },
    "default": {
        "attrs": {
            "hashes": [
                "sha256:29e95c7f6778868dbd49170f98f8818f78f3dc5e0e37c0b1f474e3561b240836",
                "sha256:c9227bfc2f01993c03f68db37d1d15c9690188323c067c641f1a35ca58185f99"
            ],
            "markers": "python_version >= '3.6'",
            "version": "==22.2.0"
        },
        "exceptiongroup": {
            "hashes": [
                "sha256:232c37c63e4f682982c8b6459f33a8981039e5fb8756b2074364e5055c498c9e",
                "sha256:d484c3090ba2889ae2928419117447a14daf3c1231d5e30d0aae34f354f01785"
            ],
            "markers": "python_version < '3.11'",
            "version": "==1.1.1"
        },
        "iniconfig": {
            "hashes": [
                "sha256:2d91e135bf72d31a410b17c16da610a82cb55f6b0477d1a902134b24a455b8b3",
                "sha256:b6a85871a79d2e3b22d2d1b94ac2824226a63c6b741c88f7ae975f18b6778374"
            ],
            "markers": "python_version >= '3.7'",
            "version": "==2.0.0"
        },
        "maturin": {
            "hashes": [
                "sha256:0cf5f75df5a7c1d2f9b5a1e1572d7e8e9e3c850fa10cffbb3b24022f8d91b5eb",
                "sha256:2aa18c508743f5c69fe781a8ceb8ca727ad4cd733bcce3d32482e0a3af890ac5",
                "sha256:3fcd1e52f71620decda6ac6ca163ad1ffe3a079d0a1b4dce405b1890fa315170",
                "sha256:51e5b1441e8d82ce58f593f9dc2d3ca4725054df5aeb70762dab1ca88f505885",
                "sha256:566f8e6e1b271fc842e8ded1c4e9d09d9a9a0804057d414e7246d658cffb3872",
                "sha256:56d2b7000b033567b5bbd52bd75322d1fb9c3d1ba4b4ee6ed1440d1992e0f14f",
                "sha256:57ddb61e394a2df623e89d013abc939f22c18cd5de64844f4fb11da2947ac3fe",
                "sha256:67bed2696992aa372dcd69c9480767de04939a8281114103ae2ac20d96de0c20",
                "sha256:967e726e8d6a2d067ea38df2052ff9ada8e75679c0ae79eef8835366efc12e85",
                "sha256:96f650c9e2299455c827adbf3c856b6c3d8fe5f8609d12014f40929b7ad7ccfb",
                "sha256:9ea06fe168f8e648e6d133eb45145c5d97fc1d475a1580e217894ebaaf0b26fe",
                "sha256:a003d8af910ed61c96ea8a5292090bc19f6e248bbb98e82bf56bad923e516e9d",
                "sha256:a771b3f258a1d998521d68502c4cbe6982991021fbb2a51be9ba259be4f589bb"
            ],
            "index": "pypi",
            "version": "==0.14.16"
        },
        "packaging": {
            "hashes": [
                "sha256:714ac14496c3e68c99c29b00845f7a2b85f3bb6f1078fd9f72fd20f0570002b2",
                "sha256:b6ad297f8907de0fa2fe1ccbd26fdaf387f5f47c7275fedf8cce89f99446cf97"
            ],
            "markers": "python_version >= '3.7'",
            "version": "==23.0"
        },
        "pluggy": {
            "hashes": [
                "sha256:4224373bacce55f955a878bf9cfa763c1e360858e330072059e10bad68531159",
                "sha256:74134bbf457f031a36d68416e1509f34bd5ccc019f0bcc952c7b909d06b37bd3"
            ],
            "markers": "python_version >= '3.6'",
            "version": "==1.0.0"
        },
        "pytest": {
            "hashes": [
                "sha256:130328f552dcfac0b1cec75c12e3f005619dc5f874f0a06e8ff7263f0ee6225e",
                "sha256:c99ab0c73aceb050f68929bc93af19ab6db0558791c6a0715723abe9d0ade9d4"
            ],
            "index": "pypi",
            "version": "==7.2.2"
        },
        "tomli": {
            "hashes": [
                "sha256:939de3e7a6161af0c887ef91b7d41a53e7c5a1ca976325f429cb46ea9bc30ecc",
                "sha256:de526c12914f0c550d15924c62d72abc48d6fe7364aa87328337a31007fe8a4f"
            ],
            "markers": "python_version < '3.11'",
            "version": "==2.0.1"
        }
    },
    "develop": {}
}
