{
    "_meta": {
        "hash": {
            "sha256": "cdedfc9af87152ac563626b159eb40bfb7cc1314422b6f50fceeaf332cf16672"
        },
        "pipfile-spec": 6,
        "requires": {
            "python_version": "3.10"
        },
        "sources": [
            {
                "name": "pypi",
                "url": "https://pypi.org/simple",
                "verify_ssl": true
            }
        ]
    },
    "default": {
        "attrs": {
            "hashes": [
                "sha256:29e95c7f6778868dbd49170f98f8818f78f3dc5e0e37c0b1f474e3561b240836",
                "sha256:c9227bfc2f01993c03f68db37d1d15c9690188323c067c641f1a35ca58185f99"
            ],
            "markers": "python_version >= '3.6'",
            "version": "==22.2.0"
        },
        "exceptiongroup": {
            "hashes": [
                "sha256:327cbda3da756e2de031a3107b81ab7b3770a602c4d16ca618298c526f4bec1e",
                "sha256:bcb67d800a4497e1b404c2dd44fca47d3b7a5e5433dbab67f96c1a685cdfdf23"
            ],
            "markers": "python_version < '3.11'",
            "version": "==1.1.0"
        },
        "iniconfig": {
            "hashes": [
                "sha256:2d91e135bf72d31a410b17c16da610a82cb55f6b0477d1a902134b24a455b8b3",
                "sha256:b6a85871a79d2e3b22d2d1b94ac2824226a63c6b741c88f7ae975f18b6778374"
            ],
            "markers": "python_version >= '3.7'",
            "version": "==2.0.0"
        },
        "maturin": {
            "hashes": [
                "sha256:11b8550ceba5b81465a18d06f0d3a4cfc1cd6cbf68eda117c253bbf3324b1264",
                "sha256:2f097a63f3bed20a7da56fc7ce4d44ef8376ee9870604da16b685f2d02c87c79",
                "sha256:4946ad7545ba5fc0ad08bc98bc8e9f6ffabb6ded71db9ed282ad4596b998d42a",
                "sha256:5abf311d4618b673efa30cacdac5ae2d462e49da58db9a5bf0d8bde16d9c16be",
                "sha256:6cc9afb89f28bd591b62f8f3c29736c81c322cffe88f9ab8eb1749377bbc3521",
                "sha256:895c48cbe56ae994c2a1eeeef19475ca4819aa4c6412af727a63a772e8ef2d87",
                "sha256:98bfed21c3498857b3381efeb041d77e004a93b22261bf9690fe2b9fbb4c210f",
                "sha256:9da98bee0a548ecaaa924cc8cb94e49075d5e71511c62a1633a6962c7831a29b",
                "sha256:b157e2e8a0216d02df1d0451201fcb977baf0dcd223890abfbfbfd01e0b44630",
                "sha256:c0d25e82cb6e5de9f1c028fcf069784be4165b083e79412371edce05010b68f3",
                "sha256:cf950ebfe449a97617b91d75e09766509e21a389ce3f7b6ef15130ad8a95430a",
                "sha256:e9c19dc0a28109280f7d091ca7b78e25f3fc340fcfac92801829a21198fa20eb",
                "sha256:ec8269c02cc435893308dfd50f57f14fb1be3554e4e61c5bf49b97363b289775"
            ],
            "index": "pypi",
            "version": "==0.14.10"
        },
        "packaging": {
            "hashes": [
                "sha256:714ac14496c3e68c99c29b00845f7a2b85f3bb6f1078fd9f72fd20f0570002b2",
                "sha256:b6ad297f8907de0fa2fe1ccbd26fdaf387f5f47c7275fedf8cce89f99446cf97"
            ],
            "markers": "python_version >= '3.7'",
            "version": "==23.0"
        },
        "pluggy": {
            "hashes": [
                "sha256:4224373bacce55f955a878bf9cfa763c1e360858e330072059e10bad68531159",
                "sha256:74134bbf457f031a36d68416e1509f34bd5ccc019f0bcc952c7b909d06b37bd3"
            ],
            "markers": "python_version >= '3.6'",
            "version": "==1.0.0"
        },
        "pytest": {
            "hashes": [
                "sha256:892f933d339f068883b6fd5a459f03d85bfcb355e4981e146d2c7616c21fef71",
                "sha256:c4014eb40e10f11f355ad4e3c2fb2c6c6d1919c73f3b5a433de4708202cade59"
            ],
            "index": "pypi",
            "version": "==7.2.0"
        },
        "tomli": {
            "hashes": [
                "sha256:939de3e7a6161af0c887ef91b7d41a53e7c5a1ca976325f429cb46ea9bc30ecc",
                "sha256:de526c12914f0c550d15924c62d72abc48d6fe7364aa87328337a31007fe8a4f"
            ],
            "markers": "python_version < '3.11'",
            "version": "==2.0.1"
        }
    },
    "develop": {}
}
